
Microsoft Visual Studio Solution File, Format Version 12.00
# Visual Studio Version 17
VisualStudioVersion = 17.12.35707.178
MinimumVisualStudioVersion = 10.0.40219.1
Project("{FAE04EC0-301F-11D3-BF4B-00C04F79EFBC}") = "SharedExperinces.WebApi", "SharedExperinces.WebApi\SharedExperinces.WebApi.csproj", "{4372E335-04B9-4EA9-B239-F3AF29444778}"
EndProject
Global
	GlobalSection(SolutionConfigurationPlatforms) = preSolution
		Debug|Any CPU = Debug|Any CPU
		Release|Any CPU = Release|Any CPU
	EndGlobalSection
	GlobalSection(ProjectConfigurationPlatforms) = postSolution
		{4372E335-04B9-4EA9-B239-F3AF29444778}.Debug|Any CPU.ActiveCfg = Debug|Any CPU
		{4372E335-04B9-4EA9-B239-F3AF29444778}.Debug|Any CPU.Build.0 = Debug|Any CPU
		{4372E335-04B9-4EA9-B239-F3AF29444778}.Release|Any CPU.ActiveCfg = Release|Any CPU
		{4372E335-04B9-4EA9-B239-F3AF29444778}.Release|Any CPU.Build.0 = Release|Any CPU
	EndGlobalSection
	GlobalSection(SolutionProperties) = preSolution
		HideSolutionNode = FALSE
	EndGlobalSection
	GlobalSection(ExtensibilityGlobals) = postSolution
		SolutionGuid = {FDB85024-64A6-4226-8F18-236BC7C3DA3E}
	EndGlobalSection
EndGlobal
